# This file was autogenerated by Stack.
# You should not edit this file by hand.
# For more information, please see the documentation at:
#   https://docs.haskellstack.org/en/stable/lock_files

packages: []
snapshots:
- completed:
    sha256: d0f9fa0c00237a8caa04b955dce5f79bc5c293db695dee09588d4c7c0caf3dba
    size: 664835
    url: https://raw.githubusercontent.com/commercialhaskell/stackage-snapshots/master/nightly/2024/10/7.yaml
  original: nightly-2024-10-07
