# This file was autogenerated by Stack.
# You should not edit this file by hand.
# For more information, please see the documentation at:
#   https://docs.haskellstack.org/en/stable/lock_files

packages: []
snapshots:
- completed:
    sha256: dec619b444521206650e13528d550a465af7ce977e28042dca34df2ed4437718
    size: 665057
    url: https://raw.githubusercontent.com/commercialhaskell/stackage-snapshots/master/nightly/2024/10/10.yaml
  original: nightly-2024-10-10
